
Microsoft Visual Studio Solution File, Format Version 12.00
# Visual Studio Version 17
VisualStudioVersion = 17.12.35506.116
MinimumVisualStudioVersion = 10.0.40219.1
Project("{FAE04EC0-301F-11D3-BF4B-00C04F79EFBC}") = "EmailService", "EmailService\EmailService.csproj", "{4E05754D-288B-4BDF-90B3-7490A771EFE3}"
EndProject
Project("{FAE04EC0-301F-11D3-BF4B-00C04F79EFBC}") = "UtilBox", "UtilBox\UtilBox.csproj", "{2AC94E11-4DEE-43DC-8F7F-E3A95C40A16A}"
EndProject
Project("{FAE04EC0-301F-11D3-BF4B-00C04F79EFBC}") = "HangFire.Services", "HangfireService\HangFire.Services.csproj", "{9F8FAB62-D018-4F9D-AA18-A706D29FE601}"
EndProject
Global
	GlobalSection(SolutionConfigurationPlatforms) = preSolution
		Debug|Any CPU = Debug|Any CPU
		Release|Any CPU = Release|Any CPU
	EndGlobalSection
	GlobalSection(ProjectConfigurationPlatforms) = postSolution
		{4E05754D-288B-4BDF-90B3-7490A771EFE3}.Debug|Any CPU.ActiveCfg = Debug|Any CPU
		{4E05754D-288B-4BDF-90B3-7490A771EFE3}.Debug|Any CPU.Build.0 = Debug|Any CPU
		{4E05754D-288B-4BDF-90B3-7490A771EFE3}.Release|Any CPU.ActiveCfg = Release|Any CPU
		{4E05754D-288B-4BDF-90B3-7490A771EFE3}.Release|Any CPU.Build.0 = Release|Any CPU
		{2AC94E11-4DEE-43DC-8F7F-E3A95C40A16A}.Debug|Any CPU.ActiveCfg = Debug|Any CPU
		{2AC94E11-4DEE-43DC-8F7F-E3A95C40A16A}.Debug|Any CPU.Build.0 = Debug|Any CPU
		{2AC94E11-4DEE-43DC-8F7F-E3A95C40A16A}.Release|Any CPU.ActiveCfg = Release|Any CPU
		{2AC94E11-4DEE-43DC-8F7F-E3A95C40A16A}.Release|Any CPU.Build.0 = Release|Any CPU
		{9F8FAB62-D018-4F9D-AA18-A706D29FE601}.Debug|Any CPU.ActiveCfg = Debug|Any CPU
		{9F8FAB62-D018-4F9D-AA18-A706D29FE601}.Debug|Any CPU.Build.0 = Debug|Any CPU
		{9F8FAB62-D018-4F9D-AA18-A706D29FE601}.Release|Any CPU.ActiveCfg = Release|Any CPU
		{9F8FAB62-D018-4F9D-AA18-A706D29FE601}.Release|Any CPU.Build.0 = Release|Any CPU
	EndGlobalSection
	GlobalSection(SolutionProperties) = preSolution
		HideSolutionNode = FALSE
	EndGlobalSection
EndGlobal
